// !$*UTF8*$!
{
	archiveVersion = 1;
	classes = {
	};
	objectVersion = 77;
	objects = {

/* Begin PBXContainerItemProxy section */
		40B28E962CDAD2ED00FAFD9C /* PBXContainerItemProxy */ = {
			isa = PBXContainerItemProxy;
			containerPortal = 40B28E7D2CDAD2EB00FAFD9C /* Project object */;
			proxyType = 1;
			remoteGlobalIDString = 40B28E842CDAD2EB00FAFD9C;
			remoteInfo = FlowTrack;
		};
		40B28EA02CDAD2ED00FAFD9C /* PBXContainerItemProxy */ = {
			isa = PBXContainerItemProxy;
			containerPortal = 40B28E7D2CDAD2EB00FAFD9C /* Project object */;
			proxyType = 1;
			remoteGlobalIDString = 40B28E842CDAD2EB00FAFD9C;
			remoteInfo = FlowTrack;
		};
/* End PBXContainerItemProxy section */

/* Begin PBXFileReference section */
		40B28E852CDAD2EB00FAFD9C /* FlowTrack.app */ = {isa = PBXFileReference; explicitFileType = wrapper.application; includeInIndex = 0; path = FlowTrack.app; sourceTree = BUILT_PRODUCTS_DIR; };
		40B28E952CDAD2ED00FAFD9C /* FlowTrackTests.xctest */ = {isa = PBXFileReference; explicitFileType = wrapper.cfbundle; includeInIndex = 0; path = FlowTrackTests.xctest; sourceTree = BUILT_PRODUCTS_DIR; };
		40B28E9F2CDAD2ED00FAFD9C /* FlowTrackUITests.xctest */ = {isa = PBXFileReference; explicitFileType = wrapper.cfbundle; includeInIndex = 0; path = FlowTrackUITests.xctest; sourceTree = BUILT_PRODUCTS_DIR; };
/* End PBXFileReference section */

/* Begin PBXFileSystemSynchronizedBuildFileExceptionSet section */
		40B28ECC2CDAD7CD00FAFD9C /* Exceptions for "FlowTrack" folder in "FlowTrack" target */ = {
			isa = PBXFileSystemSynchronizedBuildFileExceptionSet;
			membershipExceptions = (
				Info.plist,
			);
			target = 40B28E842CDAD2EB00FAFD9C /* FlowTrack */;
		};
/* End PBXFileSystemSynchronizedBuildFileExceptionSet section */

/* Begin PBXFileSystemSynchronizedRootGroup section */
		40B28E872CDAD2EB00FAFD9C /* FlowTrack */ = {
			isa = PBXFileSystemSynchronizedRootGroup;
			exceptions = (
				40B28ECC2CDAD7CD00FAFD9C /* Exceptions for "FlowTrack" folder in "FlowTrack" target */,
			);
			path = FlowTrack;
			sourceTree = "<group>";
		};
		40B28E982CDAD2ED00FAFD9C /* FlowTrackTests */ = {
			isa = PBXFileSystemSynchronizedRootGroup;
			path = FlowTrackTests;
			sourceTree = "<group>";
		};
		40B28EA22CDAD2ED00FAFD9C /* FlowTrackUITests */ = {
			isa = PBXFileSystemSynchronizedRootGroup;
			path = FlowTrackUITests;
			sourceTree = "<group>";
		};
/* End PBXFileSystemSynchronizedRootGroup section */

/* Begin PBXFrameworksBuildPhase section */
		40B28E822CDAD2EB00FAFD9C /* Frameworks */ = {
			isa = PBXFrameworksBuildPhase;
			buildActionMask = 2147483647;
			files = (
			);
			runOnlyForDeploymentPostprocessing = 0;
		};
		40B28E922CDAD2ED00FAFD9C /* Frameworks */ = {
			isa = PBXFrameworksBuildPhase;
			buildActionMask = 2147483647;
			files = (
			);
			runOnlyForDeploymentPostprocessing = 0;
		};
		40B28E9C2CDAD2ED00FAFD9C /* Frameworks */ = {
			isa = PBXFrameworksBuildPhase;
			buildActionMask = 2147483647;
			files = (
			);
			runOnlyForDeploymentPostprocessing = 0;
		};
/* End PBXFrameworksBuildPhase section */

/* Begin PBXGroup section */
		40B28E7C2CDAD2EB00FAFD9C = {
			isa = PBXGroup;
			children = (
				40B28E872CDAD2EB00FAFD9C /* FlowTrack */,
				40B28E982CDAD2ED00FAFD9C /* FlowTrackTests */,
				40B28EA22CDAD2ED00FAFD9C /* FlowTrackUITests */,
				40B28E862CDAD2EB00FAFD9C /* Products */,
			);
			sourceTree = "<group>";
		};
		40B28E862CDAD2EB00FAFD9C /* Products */ = {
			isa = PBXGroup;
			children = (
				40B28E852CDAD2EB00FAFD9C /* FlowTrack.app */,
				40B28E952CDAD2ED00FAFD9C /* FlowTrackTests.xctest */,
				40B28E9F2CDAD2ED00FAFD9C /* FlowTrackUITests.xctest */,
			);
			name = Products;
			sourceTree = "<group>";
		};
/* End PBXGroup section */

/* Begin PBXNativeTarget section */
		40B28E842CDAD2EB00FAFD9C /* FlowTrack */ = {
			isa = PBXNativeTarget;
			buildConfigurationList = 40B28EA92CDAD2ED00FAFD9C /* Build configuration list for PBXNativeTarget "FlowTrack" */;
			buildPhases = (
				40B28E812CDAD2EB00FAFD9C /* Sources */,
				40B28E822CDAD2EB00FAFD9C /* Frameworks */,
				40B28E832CDAD2EB00FAFD9C /* Resources */,
			);
			buildRules = (
			);
			dependencies = (
			);
			fileSystemSynchronizedGroups = (
				40B28E872CDAD2EB00FAFD9C /* FlowTrack */,
			);
			name = FlowTrack;
			packageProductDependencies = (
			);
			productName = FlowTrack;
			productReference = 40B28E852CDAD2EB00FAFD9C /* FlowTrack.app */;
			productType = "com.apple.product-type.application";
		};
		40B28E942CDAD2ED00FAFD9C /* FlowTrackTests */ = {
			isa = PBXNativeTarget;
			buildConfigurationList = 40B28EAC2CDAD2ED00FAFD9C /* Build configuration list for PBXNativeTarget "FlowTrackTests" */;
			buildPhases = (
				40B28E912CDAD2ED00FAFD9C /* Sources */,
				40B28E922CDAD2ED00FAFD9C /* Frameworks */,
				40B28E932CDAD2ED00FAFD9C /* Resources */,
			);
			buildRules = (
			);
			dependencies = (
				40B28E972CDAD2ED00FAFD9C /* PBXTargetDependency */,
			);
			fileSystemSynchronizedGroups = (
				40B28E982CDAD2ED00FAFD9C /* FlowTrackTests */,
			);
			name = FlowTrackTests;
			packageProductDependencies = (
			);
			productName = FlowTrackTests;
			productReference = 40B28E952CDAD2ED00FAFD9C /* FlowTrackTests.xctest */;
			productType = "com.apple.product-type.bundle.unit-test";
		};
		40B28E9E2CDAD2ED00FAFD9C /* FlowTrackUITests */ = {
			isa = PBXNativeTarget;
			buildConfigurationList = 40B28EAF2CDAD2ED00FAFD9C /* Build configuration list for PBXNativeTarget "FlowTrackUITests" */;
			buildPhases = (
				40B28E9B2CDAD2ED00FAFD9C /* Sources */,
				40B28E9C2CDAD2ED00FAFD9C /* Frameworks */,
				40B28E9D2CDAD2ED00FAFD9C /* Resources */,
			);
			buildRules = (
			);
			dependencies = (
				40B28EA12CDAD2ED00FAFD9C /* PBXTargetDependency */,
			);
			fileSystemSynchronizedGroups = (
				40B28EA22CDAD2ED00FAFD9C /* FlowTrackUITests */,
			);
			name = FlowTrackUITests;
			packageProductDependencies = (
			);
			productName = FlowTrackUITests;
			productReference = 40B28E9F2CDAD2ED00FAFD9C /* FlowTrackUITests.xctest */;
			productType = "com.apple.product-type.bundle.ui-testing";
		};
/* End PBXNativeTarget section */

/* Begin PBXProject section */
		40B28E7D2CDAD2EB00FAFD9C /* Project object */ = {
			isa = PBXProject;
			attributes = {
				BuildIndependentTargetsInParallel = 1;
				LastSwiftUpdateCheck = 1610;
				LastUpgradeCheck = 1610;
				TargetAttributes = {
					40B28E842CDAD2EB00FAFD9C = {
						CreatedOnToolsVersion = 16.1;
					};
					40B28E942CDAD2ED00FAFD9C = {
						CreatedOnToolsVersion = 16.1;
						TestTargetID = 40B28E842CDAD2EB00FAFD9C;
					};
					40B28E9E2CDAD2ED00FAFD9C = {
						CreatedOnToolsVersion = 16.1;
						TestTargetID = 40B28E842CDAD2EB00FAFD9C;
					};
				};
			};
			buildConfigurationList = 40B28E802CDAD2EB00FAFD9C /* Build configuration list for PBXProject "FlowTrack" */;
			developmentRegion = en;
			hasScannedForEncodings = 0;
			knownRegions = (
				en,
				Base,
			);
			mainGroup = 40B28E7C2CDAD2EB00FAFD9C;
			minimizedProjectReferenceProxies = 1;
			preferredProjectObjectVersion = 77;
			productRefGroup = 40B28E862CDAD2EB00FAFD9C /* Products */;
			projectDirPath = "";
			projectRoot = "";
			targets = (
				40B28E842CDAD2EB00FAFD9C /* FlowTrack */,
				40B28E942CDAD2ED00FAFD9C /* FlowTrackTests */,
				40B28E9E2CDAD2ED00FAFD9C /* FlowTrackUITests */,
			);
		};
/* End PBXProject section */

/* Begin PBXResourcesBuildPhase section */
		40B28E832CDAD2EB00FAFD9C /* Resources */ = {
			isa = PBXResourcesBuildPhase;
			buildActionMask = 2147483647;
			files = (
			);
			runOnlyForDeploymentPostprocessing = 0;
		};
		40B28E932CDAD2ED00FAFD9C /* Resources */ = {
			isa = PBXResourcesBuildPhase;
			buildActionMask = 2147483647;
			files = (
			);
			runOnlyForDeploymentPostprocessing = 0;
		};
		40B28E9D2CDAD2ED00FAFD9C /* Resources */ = {
			isa = PBXResourcesBuildPhase;
			buildActionMask = 2147483647;
			files = (
			);
			runOnlyForDeploymentPostprocessing = 0;
		};
/* End PBXResourcesBuildPhase section */

/* Begin PBXSourcesBuildPhase section */
		40B28E812CDAD2EB00FAFD9C /* Sources */ = {
			isa = PBXSourcesBuildPhase;
			buildActionMask = 2147483647;
			files = (
			);
			runOnlyForDeploymentPostprocessing = 0;
		};
		40B28E912CDAD2ED00FAFD9C /* Sources */ = {
			isa = PBXSourcesBuildPhase;
			buildActionMask = 2147483647;
			files = (
			);
			runOnlyForDeploymentPostprocessing = 0;
		};
		40B28E9B2CDAD2ED00FAFD9C /* Sources */ = {
			isa = PBXSourcesBuildPhase;
			buildActionMask = 2147483647;
			files = (
			);
			runOnlyForDeploymentPostprocessing = 0;
		};
/* End PBXSourcesBuildPhase section */

/* Begin PBXTargetDependency section */
		40B28E972CDAD2ED00FAFD9C /* PBXTargetDependency */ = {
			isa = PBXTargetDependency;
			target = 40B28E842CDAD2EB00FAFD9C /* FlowTrack */;
			targetProxy = 40B28E962CDAD2ED00FAFD9C /* PBXContainerItemProxy */;
		};
		40B28EA12CDAD2ED00FAFD9C /* PBXTargetDependency */ = {
			isa = PBXTargetDependency;
			target = 40B28E842CDAD2EB00FAFD9C /* FlowTrack */;
			targetProxy = 40B28EA02CDAD2ED00FAFD9C /* PBXContainerItemProxy */;
		};
/* End PBXTargetDependency section */

/* Begin XCBuildConfiguration section */
		40B28EA72CDAD2ED00FAFD9C /* Debug */ = {
			isa = XCBuildConfiguration;
			buildSettings = {
				ALWAYS_SEARCH_USER_PATHS = NO;
				ASSETCATALOG_COMPILER_GENERATE_SWIFT_ASSET_SYMBOL_EXTENSIONS = YES;
				CLANG_ANALYZER_NONNULL = YES;
				CLANG_ANALYZER_NUMBER_OBJECT_CONVERSION = YES_AGGRESSIVE;
				CLANG_CXX_LANGUAGE_STANDARD = "gnu++20";
				CLANG_ENABLE_MODULES = YES;
				CLANG_ENABLE_OBJC_ARC = YES;
				CLANG_ENABLE_OBJC_WEAK = YES;
				CLANG_WARN_BLOCK_CAPTURE_AUTORELEASING = YES;
				CLANG_WARN_BOOL_CONVERSION = YES;
				CLANG_WARN_COMMA = YES;
				CLANG_WARN_CONSTANT_CONVERSION = YES;
				CLANG_WARN_DEPRECATED_OBJC_IMPLEMENTATIONS = YES;
				CLANG_WARN_DIRECT_OBJC_ISA_USAGE = YES_ERROR;
				CLANG_WARN_DOCUMENTATION_COMMENTS = YES;
				CLANG_WARN_EMPTY_BODY = YES;
				CLANG_WARN_ENUM_CONVERSION = YES;
				CLANG_WARN_INFINITE_RECURSION = YES;
				CLANG_WARN_INT_CONVERSION = YES;
				CLANG_WARN_NON_LITERAL_NULL_CONVERSION = YES;
				CLANG_WARN_OBJC_IMPLICIT_RETAIN_SELF = YES;
				CLANG_WARN_OBJC_LITERAL_CONVERSION = YES;
				CLANG_WARN_OBJC_ROOT_CLASS = YES_ERROR;
				CLANG_WARN_QUOTED_INCLUDE_IN_FRAMEWORK_HEADER = YES;
				CLANG_WARN_RANGE_LOOP_ANALYSIS = YES;
				CLANG_WARN_STRICT_PROTOTYPES = YES;
				CLANG_WARN_SUSPICIOUS_MOVE = YES;
				CLANG_WARN_UNGUARDED_AVAILABILITY = YES_AGGRESSIVE;
				CLANG_WARN_UNREACHABLE_CODE = YES;
				CLANG_WARN__DUPLICATE_METHOD_MATCH = YES;
				COPY_PHASE_STRIP = NO;
				DEBUG_INFORMATION_FORMAT = dwarf;
				ENABLE_STRICT_OBJC_MSGSEND = YES;
				ENABLE_TESTABILITY = YES;
				ENABLE_USER_SCRIPT_SANDBOXING = YES;
				GCC_C_LANGUAGE_STANDARD = gnu17;
				GCC_DYNAMIC_NO_PIC = NO;
				GCC_NO_COMMON_BLOCKS = YES;
				GCC_OPTIMIZATION_LEVEL = 0;
				GCC_PREPROCESSOR_DEFINITIONS = (
					"DEBUG=1",
					"$(inherited)",
				);
				GCC_WARN_64_TO_32_BIT_CONVERSION = YES;
				GCC_WARN_ABOUT_RETURN_TYPE = YES_ERROR;
				GCC_WARN_UNDECLARED_SELECTOR = YES;
				GCC_WARN_UNINITIALIZED_AUTOS = YES_AGGRESSIVE;
				GCC_WARN_UNUSED_FUNCTION = YES;
				GCC_WARN_UNUSED_VARIABLE = YES;
				IPHONEOS_DEPLOYMENT_TARGET = 18.1;
				LOCALIZATION_PREFERS_STRING_CATALOGS = YES;
				MTL_ENABLE_DEBUG_INFO = INCLUDE_SOURCE;
				MTL_FAST_MATH = YES;
				ONLY_ACTIVE_ARCH = YES;
				SDKROOT = iphoneos;
				SWIFT_ACTIVE_COMPILATION_CONDITIONS = "DEBUG $(inherited)";
				SWIFT_OPTIMIZATION_LEVEL = "-Onone";
			};
			name = Debug;
		};
		40B28EA82CDAD2ED00FAFD9C /* Release */ = {
			isa = XCBuildConfiguration;
			buildSettings = {
				ALWAYS_SEARCH_USER_PATHS = NO;
				ASSETCATALOG_COMPILER_GENERATE_SWIFT_ASSET_SYMBOL_EXTENSIONS = YES;
				CLANG_ANALYZER_NONNULL = YES;
				CLANG_ANALYZER_NUMBER_OBJECT_CONVERSION = YES_AGGRESSIVE;
				CLANG_CXX_LANGUAGE_STANDARD = "gnu++20";
				CLANG_ENABLE_MODULES = YES;
				CLANG_ENABLE_OBJC_ARC = YES;
				CLANG_ENABLE_OBJC_WEAK = YES;
				CLANG_WARN_BLOCK_CAPTURE_AUTORELEASING = YES;
				CLANG_WARN_BOOL_CONVERSION = YES;
				CLANG_WARN_COMMA = YES;
				CLANG_WARN_CONSTANT_CONVERSION = YES;
				CLANG_WARN_DEPRECATED_OBJC_IMPLEMENTATIONS = YES;
				CLANG_WARN_DIRECT_OBJC_ISA_USAGE = YES_ERROR;
				CLANG_WARN_DOCUMENTATION_COMMENTS = YES;
				CLANG_WARN_EMPTY_BODY = YES;
				CLANG_WARN_ENUM_CONVERSION = YES;
				CLANG_WARN_INFINITE_RECURSION = YES;
				CLANG_WARN_INT_CONVERSION = YES;
				CLANG_WARN_NON_LITERAL_NULL_CONVERSION = YES;
				CLANG_WARN_OBJC_IMPLICIT_RETAIN_SELF = YES;
				CLANG_WARN_OBJC_LITERAL_CONVERSION = YES;
				CLANG_WARN_OBJC_ROOT_CLASS = YES_ERROR;
				CLANG_WARN_QUOTED_INCLUDE_IN_FRAMEWORK_HEADER = YES;
				CLANG_WARN_RANGE_LOOP_ANALYSIS = YES;
				CLANG_WARN_STRICT_PROTOTYPES = YES;
				CLANG_WARN_SUSPICIOUS_MOVE = YES;
				CLANG_WARN_UNGUARDED_AVAILABILITY = YES_AGGRESSIVE;
				CLANG_WARN_UNREACHABLE_CODE = YES;
				CLANG_WARN__DUPLICATE_METHOD_MATCH = YES;
				COPY_PHASE_STRIP = NO;
				DEBUG_INFORMATION_FORMAT = "dwarf-with-dsym";
				ENABLE_NS_ASSERTIONS = NO;
				ENABLE_STRICT_OBJC_MSGSEND = YES;
				ENABLE_USER_SCRIPT_SANDBOXING = YES;
				GCC_C_LANGUAGE_STANDARD = gnu17;
				GCC_NO_COMMON_BLOCKS = YES;
				GCC_WARN_64_TO_32_BIT_CONVERSION = YES;
				GCC_WARN_ABOUT_RETURN_TYPE = YES_ERROR;
				GCC_WARN_UNDECLARED_SELECTOR = YES;
				GCC_WARN_UNINITIALIZED_AUTOS = YES_AGGRESSIVE;
				GCC_WARN_UNUSED_FUNCTION = YES;
				GCC_WARN_UNUSED_VARIABLE = YES;
				IPHONEOS_DEPLOYMENT_TARGET = 18.1;
				LOCALIZATION_PREFERS_STRING_CATALOGS = YES;
				MTL_ENABLE_DEBUG_INFO = NO;
				MTL_FAST_MATH = YES;
				SDKROOT = iphoneos;
				SWIFT_COMPILATION_MODE = wholemodule;
				VALIDATE_PRODUCT = YES;
			};
			name = Release;
		};
		40B28EAA2CDAD2ED00FAFD9C /* Debug */ = {
			isa = XCBuildConfiguration;
			buildSettings = {
				ASSETCATALOG_COMPILER_APPICON_NAME = AppIcon;
				ASSETCATALOG_COMPILER_GLOBAL_ACCENT_COLOR_NAME = AccentColor;
				CODE_SIGN_STYLE = Automatic;
				CURRENT_PROJECT_VERSION = 1;
				DEVELOPMENT_ASSET_PATHS = "\"FlowTrack/Preview Content\"";
				DEVELOPMENT_TEAM = XBLHYV4297;
				ENABLE_PREVIEWS = YES;
				GENERATE_INFOPLIST_FILE = YES;
				INFOPLIST_FILE = FlowTrack/Info.plist;
				INFOPLIST_KEY_UIApplicationSceneManifest_Generation = YES;
				INFOPLIST_KEY_UIApplicationSupportsIndirectInputEvents = YES;
				INFOPLIST_KEY_UILaunchScreen_Generation = YES;
				INFOPLIST_KEY_UISupportedInterfaceOrientations_iPad = "UIInterfaceOrientationPortrait UIInterfaceOrientationPortraitUpsideDown UIInterfaceOrientationLandscapeLeft UIInterfaceOrientationLandscapeRight";
				INFOPLIST_KEY_UISupportedInterfaceOrientations_iPhone = "UIInterfaceOrientationPortrait UIInterfaceOrientationLandscapeLeft UIInterfaceOrientationLandscapeRight";
				LD_RUNPATH_SEARCH_PATHS = (
					"$(inherited)",
					"@executable_path/Frameworks",
				);
				MARKETING_VERSION = 1.0;
				PRODUCT_BUNDLE_IDENTIFIER = io.jason.FlowTrack;
				PRODUCT_NAME = "$(TARGET_NAME)";
				SWIFT_EMIT_LOC_STRINGS = YES;
				SWIFT_VERSION = 5.0;
				TARGETED_DEVICE_FAMILY = "1,2";
			};
			name = Debug;
		};
		40B28EAB2CDAD2ED00FAFD9C /* Release */ = {
			isa = XCBuildConfiguration;
			buildSettings = {
				ASSETCATALOG_COMPILER_APPICON_NAME = AppIcon;
				ASSETCATALOG_COMPILER_GLOBAL_ACCENT_COLOR_NAME = AccentColor;
				CODE_SIGN_STYLE = Automatic;
				CURRENT_PROJECT_VERSION = 1;
				DEVELOPMENT_ASSET_PATHS = "\"FlowTrack/Preview Content\"";
				DEVELOPMENT_TEAM = XBLHYV4297;
				ENABLE_PREVIEWS = YES;
				GENERATE_INFOPLIST_FILE = YES;
				INFOPLIST_FILE = FlowTrack/Info.plist;
				INFOPLIST_KEY_UIApplicationSceneManifest_Generation = YES;
				INFOPLIST_KEY_UIApplicationSupportsIndirectInputEvents = YES;
				INFOPLIST_KEY_UILaunchScreen_Generation = YES;
				INFOPLIST_KEY_UISupportedInterfaceOrientations_iPad = "UIInterfaceOrientationPortrait UIInterfaceOrientationPortraitUpsideDown UIInterfaceOrientationLandscapeLeft UIInterfaceOrientationLandscapeRight";
				INFOPLIST_KEY_UISupportedInterfaceOrientations_iPhone = "UIInterfaceOrientationPortrait UIInterfaceOrientationLandscapeLeft UIInterfaceOrientationLandscapeRight";
				LD_RUNPATH_SEARCH_PATHS = (
					"$(inherited)",
					"@executable_path/Frameworks",
				);
				MARKETING_VERSION = 1.0;
				PRODUCT_BUNDLE_IDENTIFIER = io.jason.FlowTrack;
				PRODUCT_NAME = "$(TARGET_NAME)";
				SWIFT_EMIT_LOC_STRINGS = YES;
				SWIFT_VERSION = 5.0;
				TARGETED_DEVICE_FAMILY = "1,2";
			};
			name = Release;
		};
		40B28EAD2CDAD2ED00FAFD9C /* Debug */ = {
			isa = XCBuildConfiguration;
			buildSettings = {
				BUNDLE_LOADER = "$(TEST_HOST)";
				CODE_SIGN_STYLE = Automatic;
				CURRENT_PROJECT_VERSION = 1;
				DEVELOPMENT_TEAM = XBLHYV4297;
				GENERATE_INFOPLIST_FILE = YES;
				IPHONEOS_DEPLOYMENT_TARGET = 18.1;
				MARKETING_VERSION = 1.0;
				PRODUCT_BUNDLE_IDENTIFIER = io.jason.FlowTrackTests;
				PRODUCT_NAME = "$(TARGET_NAME)";
				SWIFT_EMIT_LOC_STRINGS = NO;
				SWIFT_VERSION = 5.0;
				TARGETED_DEVICE_FAMILY = "1,2";
				TEST_HOST = "$(BUILT_PRODUCTS_DIR)/FlowTrack.app/$(BUNDLE_EXECUTABLE_FOLDER_PATH)/FlowTrack";
			};
			name = Debug;
		};
		40B28EAE2CDAD2ED00FAFD9C /* Release */ = {
			isa = XCBuildConfiguration;
			buildSettings = {
				BUNDLE_LOADER = "$(TEST_HOST)";
				CODE_SIGN_STYLE = Automatic;
				CURRENT_PROJECT_VERSION = 1;
				DEVELOPMENT_TEAM = XBLHYV4297;
				GENERATE_INFOPLIST_FILE = YES;
				IPHONEOS_DEPLOYMENT_TARGET = 18.1;
				MARKETING_VERSION = 1.0;
				PRODUCT_BUNDLE_IDENTIFIER = io.jason.FlowTrackTests;
				PRODUCT_NAME = "$(TARGET_NAME)";
				SWIFT_EMIT_LOC_STRINGS = NO;
				SWIFT_VERSION = 5.0;
				TARGETED_DEVICE_FAMILY = "1,2";
				TEST_HOST = "$(BUILT_PRODUCTS_DIR)/FlowTrack.app/$(BUNDLE_EXECUTABLE_FOLDER_PATH)/FlowTrack";
			};
			name = Release;
		};
		40B28EB02CDAD2ED00FAFD9C /* Debug */ = {
			isa = XCBuildConfiguration;
			buildSettings = {
				CODE_SIGN_STYLE = Automatic;
				CURRENT_PROJECT_VERSION = 1;
				DEVELOPMENT_TEAM = XBLHYV4297;
				GENERATE_INFOPLIST_FILE = YES;
				MARKETING_VERSION = 1.0;
				PRODUCT_BUNDLE_IDENTIFIER = io.jason.FlowTrackUITests;
				PRODUCT_NAME = "$(TARGET_NAME)";
				SWIFT_EMIT_LOC_STRINGS = NO;
				SWIFT_VERSION = 5.0;
				TARGETED_DEVICE_FAMILY = "1,2";
				TEST_TARGET_NAME = FlowTrack;
			};
			name = Debug;
		};
		40B28EB12CDAD2ED00FAFD9C /* Release */ = {
			isa = XCBuildConfiguration;
			buildSettings = {
				CODE_SIGN_STYLE = Automatic;
				CURRENT_PROJECT_VERSION = 1;
				DEVELOPMENT_TEAM = XBLHYV4297;
				GENERATE_INFOPLIST_FILE = YES;
				MARKETING_VERSION = 1.0;
				PRODUCT_BUNDLE_IDENTIFIER = io.jason.FlowTrackUITests;
				PRODUCT_NAME = "$(TARGET_NAME)";
				SWIFT_EMIT_LOC_STRINGS = NO;
				SWIFT_VERSION = 5.0;
				TARGETED_DEVICE_FAMILY = "1,2";
				TEST_TARGET_NAME = FlowTrack;
			};
			name = Release;
		};
/* End XCBuildConfiguration section */

/* Begin XCConfigurationList section */
		40B28E802CDAD2EB00FAFD9C /* Build configuration list for PBXProject "FlowTrack" */ = {
			isa = XCConfigurationList;
			buildConfigurations = (
				40B28EA72CDAD2ED00FAFD9C /* Debug */,
				40B28EA82CDAD2ED00FAFD9C /* Release */,
			);
			defaultConfigurationIsVisible = 0;
			defaultConfigurationName = Release;
		};
		40B28EA92CDAD2ED00FAFD9C /* Build configuration list for PBXNativeTarget "FlowTrack" */ = {
			isa = XCConfigurationList;
			buildConfigurations = (
				40B28EAA2CDAD2ED00FAFD9C /* Debug */,
				40B28EAB2CDAD2ED00FAFD9C /* Release */,
			);
			defaultConfigurationIsVisible = 0;
			defaultConfigurationName = Release;
		};
		40B28EAC2CDAD2ED00FAFD9C /* Build configuration list for PBXNativeTarget "FlowTrackTests" */ = {
			isa = XCConfigurationList;
			buildConfigurations = (
				40B28EAD2CDAD2ED00FAFD9C /* Debug */,
				40B28EAE2CDAD2ED00FAFD9C /* Release */,
			);
			defaultConfigurationIsVisible = 0;
			defaultConfigurationName = Release;
		};
		40B28EAF2CDAD2ED00FAFD9C /* Build configuration list for PBXNativeTarget "FlowTrackUITests" */ = {
			isa = XCConfigurationList;
			buildConfigurations = (
				40B28EB02CDAD2ED00FAFD9C /* Debug */,
				40B28EB12CDAD2ED00FAFD9C /* Release */,
			);
			defaultConfigurationIsVisible = 0;
			defaultConfigurationName = Release;
		};
/* End XCConfigurationList section */
	};
	rootObject = 40B28E7D2CDAD2EB00FAFD9C /* Project object */;
}
